
Microsoft Visual Studio Solution File, Format Version 12.00
# Visual Studio 15
VisualStudioVersion = 15.0.27130.2036
MinimumVisualStudioVersion = 10.0.40219.1
Project("{FAE04EC0-301F-11D3-BF4B-00C04F79EFBC}") = "TestNinja", "TestNinja\TestNinja.csproj", "{7328740E-4B78-464F-8352-65D887F2145F}"
EndProject
Project("{FAE04EC0-301F-11D3-BF4B-00C04F79EFBC}") = "TestNinja.UnitTests", "TestNinja\UnitTests\TestNinja.UnitTests\TestNinja.UnitTests.csproj", "{297D9D98-1276-45FA-A314-DC2262D8048A}"
EndProject
Project("{2150E333-8FDC-42A3-9474-1A3956D46DE8}") = "Tests", "Tests", "{8515C1E2-2B3F-47A1-B506-EA8DA00E6C79}"
EndProject
Global
	GlobalSection(SolutionConfigurationPlatforms) = preSolution
		Debug|Any CPU = Debug|Any CPU
		Release|Any CPU = Release|Any CPU
	EndGlobalSection
	GlobalSection(ProjectConfigurationPlatforms) = postSolution
		{7328740E-4B78-464F-8352-65D887F2145F}.Debug|Any CPU.ActiveCfg = Debug|Any CPU
		{7328740E-4B78-464F-8352-65D887F2145F}.Debug|Any CPU.Build.0 = Debug|Any CPU
		{7328740E-4B78-464F-8352-65D887F2145F}.Release|Any CPU.ActiveCfg = Release|Any CPU
		{7328740E-4B78-464F-8352-65D887F2145F}.Release|Any CPU.Build.0 = Release|Any CPU
		{297D9D98-1276-45FA-A314-DC2262D8048A}.Debug|Any CPU.ActiveCfg = Debug|Any CPU
		{297D9D98-1276-45FA-A314-DC2262D8048A}.Debug|Any CPU.Build.0 = Debug|Any CPU
		{297D9D98-1276-45FA-A314-DC2262D8048A}.Release|Any CPU.ActiveCfg = Release|Any CPU
		{297D9D98-1276-45FA-A314-DC2262D8048A}.Release|Any CPU.Build.0 = Release|Any CPU
	EndGlobalSection
	GlobalSection(SolutionProperties) = preSolution
		HideSolutionNode = FALSE
	EndGlobalSection
	GlobalSection(NestedProjects) = preSolution
		{297D9D98-1276-45FA-A314-DC2262D8048A} = {8515C1E2-2B3F-47A1-B506-EA8DA00E6C79}
	EndGlobalSection
	GlobalSection(ExtensibilityGlobals) = postSolution
		SolutionGuid = {BEC9B716-D30B-4BCD-B97A-CFCE7B01D613}
	EndGlobalSection
EndGlobal
